
Microsoft Visual Studio Solution File, Format Version 10.00
# Visual Studio 2008
Project("{8BC9CEB8-8B4A-11D0-8D11-00A0C91BC942}") = "UniversalMC", "UniversalMC\UniversalMC.vcproj", "{EF25B697-55D0-48D2-8810-D1D54D10C386}"
EndProject
Global
	GlobalSection(SolutionConfigurationPlatforms) = preSolution
		Debug|Win32 = Debug|Win32
		Release|Win32 = Release|Win32
	EndGlobalSection
	GlobalSection(ProjectConfigurationPlatforms) = postSolution
		{EF25B697-55D0-48D2-8810-D1D54D10C386}.Debug|Win32.ActiveCfg = Debug|Win32
		{EF25B697-55D0-48D2-8810-D1D54D10C386}.Debug|Win32.Build.0 = Debug|Win32
		{EF25B697-55D0-48D2-8810-D1D54D10C386}.Release|Win32.ActiveCfg = Release|Win32
		{EF25B697-55D0-48D2-8810-D1D54D10C386}.Release|Win32.Build.0 = Release|Win32
	EndGlobalSection
	GlobalSection(SolutionProperties) = preSolution
		HideSolutionNode = FALSE
	EndGlobalSection
EndGlobal
